
Microsoft Visual Studio Solution File, Format Version 12.00
Project("{FAE04EC0-301F-11D3-BF4B-00C04F79EFBC}") = "pdf-extractor", "pdf-extractor\pdf-extractor.csproj", "{881F96F7-72A2-4232-8C96-4D66B6813161}"
EndProject
Global
	GlobalSection(SolutionConfigurationPlatforms) = preSolution
		Debug|Any CPU = Debug|Any CPU
		Release|Any CPU = Release|Any CPU
	EndGlobalSection
	GlobalSection(ProjectConfigurationPlatforms) = postSolution
		{881F96F7-72A2-4232-8C96-4D66B6813161}.Debug|Any CPU.ActiveCfg = Debug|Any CPU
		{881F96F7-72A2-4232-8C96-4D66B6813161}.Debug|Any CPU.Build.0 = Debug|Any CPU
		{881F96F7-72A2-4232-8C96-4D66B6813161}.Release|Any CPU.ActiveCfg = Release|Any CPU
		{881F96F7-72A2-4232-8C96-4D66B6813161}.Release|Any CPU.Build.0 = Release|Any CPU
	EndGlobalSection
EndGlobal
